PODS:
  - CieloOAuth (1.0.6)
  - ZeroAuthCielo (0.0.6):
    - CieloOAuth

DEPENDENCIES:
  - ZeroAuthCielo

SPEC REPOS:
  trunk:
    - CieloOAuth
    - ZeroAuthCielo

SPEC CHECKSUMS:
  CieloOAuth: 49dea63c3bbb70c5de2828812fc4ae502ea5f613
  ZeroAuthCielo: 426c3723cd641a6d3a88efc5504566b4cd05d770

PODFILE CHECKSUM: 21be1bda5c7d12ce540fcab21eead9e0f26b0c97

COCOAPODS: 1.9.3
